
Microsoft Visual Studio Solution File, Format Version 12.00
# Visual Studio 15
VisualStudioVersion = 15.0.28307.106
MinimumVisualStudioVersion = 10.0.40219.1
Project("{FAE04EC0-301F-11D3-BF4B-00C04F79EFBC}") = "BabylonJS_Installer", "BabylonJS_Installer\BabylonJS_Installer.csproj", "{45FD7CBD-DB3D-4980-8A85-9DEF5DDFB66D}"
EndProject
Project("{2150E333-8FDC-42A3-9474-1A3956D46DE8}") = "Docs", "Docs", "{C4E83740-DF8D-46C7-9A2B-D8693E032919}"
	ProjectSection(SolutionItems) = preProject
		README.md = README.md
	EndProjectSection
EndProject
Global
	GlobalSection(SolutionConfigurationPlatforms) = preSolution
		Debug|Any CPU = Debug|Any CPU
		Release|Any CPU = Release|Any CPU
	EndGlobalSection
	GlobalSection(ProjectConfigurationPlatforms) = postSolution
		{45FD7CBD-DB3D-4980-8A85-9DEF5DDFB66D}.Debug|Any CPU.ActiveCfg = Debug|Any CPU
		{45FD7CBD-DB3D-4980-8A85-9DEF5DDFB66D}.Debug|Any CPU.Build.0 = Debug|Any CPU
		{45FD7CBD-DB3D-4980-8A85-9DEF5DDFB66D}.Release|Any CPU.ActiveCfg = Release|Any CPU
		{45FD7CBD-DB3D-4980-8A85-9DEF5DDFB66D}.Release|Any CPU.Build.0 = Release|Any CPU
	EndGlobalSection
	GlobalSection(SolutionProperties) = preSolution
		HideSolutionNode = FALSE
	EndGlobalSection
	GlobalSection(ExtensibilityGlobals) = postSolution
		SolutionGuid = {72B66FA2-FF79-4ABE-B754-22FF5D390CEB}
	EndGlobalSection
EndGlobal
