
Microsoft Visual Studio Solution File, Format Version 12.00
# Visual Studio 15
VisualStudioVersion = 15.0.26730.10
MinimumVisualStudioVersion = 10.0.40219.1
Project("{2150E333-8FDC-42A3-9474-1A3956D46DE8}") = "3ds Max", "3ds Max", "{2139CC27-1C89-49C8-95AC-7715ACBADC1F}"
EndProject
Project("{FAE04EC0-301F-11D3-BF4B-00C04F79EFBC}") = "Max2Babylon2017", "Max2Babylon\2017\Max2Babylon2017.csproj", "{2F49C726-A1F8-40D4-859F-1355949608DC}"
EndProject
Project("{FAE04EC0-301F-11D3-BF4B-00C04F79EFBC}") = "Max2Babylon2015", "Max2Babylon\2015\Max2Babylon2015.csproj", "{DD7C931A-8FAF-4318-BB74-71DC858CC400}"
EndProject
Project("{D954291E-2A0B-460D-934E-DC6B0785DB48}") = "BabylonExport.Entities", "..\SharedProjects\BabylonExport.Entities\BabylonExport.Entities.shproj", "{2A678A75-F8C2-41BA-814A-53E611F5EB96}"
EndProject
Project("{D954291E-2A0B-460D-934E-DC6B0785DB48}") = "BabylonFileConverter", "..\SharedProjects\BabylonFileConverter\BabylonFileConverter.shproj", "{FC25673F-B984-4261-B266-9BC8B874079F}"
EndProject
Project("{FAE04EC0-301F-11D3-BF4B-00C04F79EFBC}") = "Max2Babylon2018", "Max2Babylon\2018\Max2Babylon2018.csproj", "{2F49C726-A1F8-40D4-859F-135594960DDC}"
EndProject
Project("{D954291E-2A0B-460D-934E-DC6B0785DB48}") = "GltfExport.Entities", "..\SharedProjects\GltfExport.Entities\GltfExport.Entities.shproj", "{00356433-4277-48BB-AC33-92D3C47FE28B}"
EndProject
Project("{FAE04EC0-301F-11D3-BF4B-00C04F79EFBC}") = "Max2Babylon2019", "Max2Babylon\2019\Max2Babylon2019.csproj", "{2F49C726-A1F8-40D4-859F-1355949612DC}"
EndProject
Global
	GlobalSection(SharedMSBuildProjectFiles) = preSolution
		..\SharedProjects\GltfExport.Entities\GltfExport.Entities.projitems*{00356433-4277-48bb-ac33-92d3c47fe28b}*SharedItemsImports = 13
		..\SharedProjects\BabylonExport.Entities\BabylonExport.Entities.projitems*{2a678a75-f8c2-41ba-814a-53e611f5eb96}*SharedItemsImports = 13
		..\SharedProjects\BabylonExport.Entities\BabylonExport.Entities.projitems*{2f49c726-a1f8-40d4-859f-1355949608dc}*SharedItemsImports = 4
		..\SharedProjects\BabylonFileConverter\BabylonFileConverter.projitems*{2f49c726-a1f8-40d4-859f-1355949608dc}*SharedItemsImports = 4
		..\SharedProjects\GltfExport.Entities\GltfExport.Entities.projitems*{2f49c726-a1f8-40d4-859f-1355949608dc}*SharedItemsImports = 4
		..\SharedProjects\BabylonExport.Entities\BabylonExport.Entities.projitems*{2f49c726-a1f8-40d4-859f-135594960ddc}*SharedItemsImports = 4
		..\SharedProjects\BabylonFileConverter\BabylonFileConverter.projitems*{2f49c726-a1f8-40d4-859f-135594960ddc}*SharedItemsImports = 4
		..\SharedProjects\GltfExport.Entities\GltfExport.Entities.projitems*{2f49c726-a1f8-40d4-859f-135594960ddc}*SharedItemsImports = 4
		..\SharedProjects\BabylonExport.Entities\BabylonExport.Entities.projitems*{2f49c726-a1f8-40d4-859f-1355949612dc}*SharedItemsImports = 4
		..\SharedProjects\BabylonFileConverter\BabylonFileConverter.projitems*{2f49c726-a1f8-40d4-859f-1355949612dc}*SharedItemsImports = 4
		..\SharedProjects\GltfExport.Entities\GltfExport.Entities.projitems*{2f49c726-a1f8-40d4-859f-1355949612dc}*SharedItemsImports = 4
		..\SharedProjects\BabylonExport.Entities\BabylonExport.Entities.projitems*{dd7c931a-8faf-4318-bb74-71dc858cc400}*SharedItemsImports = 4
		..\SharedProjects\BabylonFileConverter\BabylonFileConverter.projitems*{dd7c931a-8faf-4318-bb74-71dc858cc400}*SharedItemsImports = 4
		..\SharedProjects\GltfExport.Entities\GltfExport.Entities.projitems*{dd7c931a-8faf-4318-bb74-71dc858cc400}*SharedItemsImports = 4
		..\SharedProjects\BabylonFileConverter\BabylonFileConverter.projitems*{fc25673f-b984-4261-b266-9bc8b874079f}*SharedItemsImports = 13
	EndGlobalSection
	GlobalSection(SolutionConfigurationPlatforms) = preSolution
		Debug|Any CPU = Debug|Any CPU
		Debug|ARM = Debug|ARM
		Debug|Mixed Platforms = Debug|Mixed Platforms
		Debug|Win32 = Debug|Win32
		Debug|x64 = Debug|x64
		Debug|x86 = Debug|x86
		Profile|Any CPU = Profile|Any CPU
		Profile|ARM = Profile|ARM
		Profile|Mixed Platforms = Profile|Mixed Platforms
		Profile|Win32 = Profile|Win32
		Profile|x64 = Profile|x64
		Profile|x86 = Profile|x86
		Release|Any CPU = Release|Any CPU
		Release|ARM = Release|ARM
		Release|Mixed Platforms = Release|Mixed Platforms
		Release|Win32 = Release|Win32
		Release|x64 = Release|x64
		Release|x86 = Release|x86
	EndGlobalSection
	GlobalSection(ProjectConfigurationPlatforms) = postSolution
		{2F49C726-A1F8-40D4-859F-1355949608DC}.Debug|Any CPU.ActiveCfg = Debug|Any CPU
		{2F49C726-A1F8-40D4-859F-1355949608DC}.Debug|Any CPU.Build.0 = Debug|Any CPU
		{2F49C726-A1F8-40D4-859F-1355949608DC}.Debug|ARM.ActiveCfg = Debug|Any CPU
		{2F49C726-A1F8-40D4-859F-1355949608DC}.Debug|ARM.Build.0 = Debug|Any CPU
		{2F49C726-A1F8-40D4-859F-1355949608DC}.Debug|Mixed Platforms.ActiveCfg = Debug|Any CPU
		{2F49C726-A1F8-40D4-859F-1355949608DC}.Debug|Mixed Platforms.Build.0 = Debug|Any CPU
		{2F49C726-A1F8-40D4-859F-1355949608DC}.Debug|Win32.ActiveCfg = Debug|Any CPU
		{2F49C726-A1F8-40D4-859F-1355949608DC}.Debug|Win32.Build.0 = Debug|Any CPU
		{2F49C726-A1F8-40D4-859F-1355949608DC}.Debug|x64.ActiveCfg = Debug|x64
		{2F49C726-A1F8-40D4-859F-1355949608DC}.Debug|x64.Build.0 = Debug|x64
		{2F49C726-A1F8-40D4-859F-1355949608DC}.Debug|x86.ActiveCfg = Debug|Any CPU
		{2F49C726-A1F8-40D4-859F-1355949608DC}.Debug|x86.Build.0 = Debug|Any CPU
		{2F49C726-A1F8-40D4-859F-1355949608DC}.Profile|Any CPU.ActiveCfg = Release|Any CPU
		{2F49C726-A1F8-40D4-859F-1355949608DC}.Profile|Any CPU.Build.0 = Release|Any CPU
		{2F49C726-A1F8-40D4-859F-1355949608DC}.Profile|ARM.ActiveCfg = Release|Any CPU
		{2F49C726-A1F8-40D4-859F-1355949608DC}.Profile|ARM.Build.0 = Release|Any CPU
		{2F49C726-A1F8-40D4-859F-1355949608DC}.Profile|Mixed Platforms.ActiveCfg = Release|Any CPU
		{2F49C726-A1F8-40D4-859F-1355949608DC}.Profile|Mixed Platforms.Build.0 = Release|Any CPU
		{2F49C726-A1F8-40D4-859F-1355949608DC}.Profile|Win32.ActiveCfg = Release|Any CPU
		{2F49C726-A1F8-40D4-859F-1355949608DC}.Profile|Win32.Build.0 = Release|Any CPU
		{2F49C726-A1F8-40D4-859F-1355949608DC}.Profile|x64.ActiveCfg = Release|x64
		{2F49C726-A1F8-40D4-859F-1355949608DC}.Profile|x64.Build.0 = Release|x64
		{2F49C726-A1F8-40D4-859F-1355949608DC}.Profile|x86.ActiveCfg = Release|Any CPU
		{2F49C726-A1F8-40D4-859F-1355949608DC}.Profile|x86.Build.0 = Release|Any CPU
		{2F49C726-A1F8-40D4-859F-1355949608DC}.Release|Any CPU.ActiveCfg = Release|Any CPU
		{2F49C726-A1F8-40D4-859F-1355949608DC}.Release|Any CPU.Build.0 = Release|Any CPU
		{2F49C726-A1F8-40D4-859F-1355949608DC}.Release|ARM.ActiveCfg = Release|Any CPU
		{2F49C726-A1F8-40D4-859F-1355949608DC}.Release|ARM.Build.0 = Release|Any CPU
		{2F49C726-A1F8-40D4-859F-1355949608DC}.Release|Mixed Platforms.ActiveCfg = Release|Any CPU
		{2F49C726-A1F8-40D4-859F-1355949608DC}.Release|Mixed Platforms.Build.0 = Release|Any CPU
		{2F49C726-A1F8-40D4-859F-1355949608DC}.Release|Win32.ActiveCfg = Release|Any CPU
		{2F49C726-A1F8-40D4-859F-1355949608DC}.Release|Win32.Build.0 = Release|Any CPU
		{2F49C726-A1F8-40D4-859F-1355949608DC}.Release|x64.ActiveCfg = Release|x64
		{2F49C726-A1F8-40D4-859F-1355949608DC}.Release|x64.Build.0 = Release|x64
		{2F49C726-A1F8-40D4-859F-1355949608DC}.Release|x86.ActiveCfg = Release|Any CPU
		{2F49C726-A1F8-40D4-859F-1355949608DC}.Release|x86.Build.0 = Release|Any CPU
		{DD7C931A-8FAF-4318-BB74-71DC858CC400}.Debug|Any CPU.ActiveCfg = Debug|Any CPU
		{DD7C931A-8FAF-4318-BB74-71DC858CC400}.Debug|Any CPU.Build.0 = Debug|Any CPU
		{DD7C931A-8FAF-4318-BB74-71DC858CC400}.Debug|ARM.ActiveCfg = Debug|Any CPU
		{DD7C931A-8FAF-4318-BB74-71DC858CC400}.Debug|ARM.Build.0 = Debug|Any CPU
		{DD7C931A-8FAF-4318-BB74-71DC858CC400}.Debug|Mixed Platforms.ActiveCfg = Debug|Any CPU
		{DD7C931A-8FAF-4318-BB74-71DC858CC400}.Debug|Mixed Platforms.Build.0 = Debug|Any CPU
		{DD7C931A-8FAF-4318-BB74-71DC858CC400}.Debug|Win32.ActiveCfg = Debug|Any CPU
		{DD7C931A-8FAF-4318-BB74-71DC858CC400}.Debug|Win32.Build.0 = Debug|Any CPU
		{DD7C931A-8FAF-4318-BB74-71DC858CC400}.Debug|x64.ActiveCfg = Debug|x64
		{DD7C931A-8FAF-4318-BB74-71DC858CC400}.Debug|x64.Build.0 = Debug|x64
		{DD7C931A-8FAF-4318-BB74-71DC858CC400}.Debug|x86.ActiveCfg = Debug|Any CPU
		{DD7C931A-8FAF-4318-BB74-71DC858CC400}.Debug|x86.Build.0 = Debug|Any CPU
		{DD7C931A-8FAF-4318-BB74-71DC858CC400}.Profile|Any CPU.ActiveCfg = Release|Any CPU
		{DD7C931A-8FAF-4318-BB74-71DC858CC400}.Profile|Any CPU.Build.0 = Release|Any CPU
		{DD7C931A-8FAF-4318-BB74-71DC858CC400}.Profile|ARM.ActiveCfg = Release|Any CPU
		{DD7C931A-8FAF-4318-BB74-71DC858CC400}.Profile|ARM.Build.0 = Release|Any CPU
		{DD7C931A-8FAF-4318-BB74-71DC858CC400}.Profile|Mixed Platforms.ActiveCfg = Release|Any CPU
		{DD7C931A-8FAF-4318-BB74-71DC858CC400}.Profile|Mixed Platforms.Build.0 = Release|Any CPU
		{DD7C931A-8FAF-4318-BB74-71DC858CC400}.Profile|Win32.ActiveCfg = Release|Any CPU
		{DD7C931A-8FAF-4318-BB74-71DC858CC400}.Profile|Win32.Build.0 = Release|Any CPU
		{DD7C931A-8FAF-4318-BB74-71DC858CC400}.Profile|x64.ActiveCfg = Release|x64
		{DD7C931A-8FAF-4318-BB74-71DC858CC400}.Profile|x64.Build.0 = Release|x64
		{DD7C931A-8FAF-4318-BB74-71DC858CC400}.Profile|x86.ActiveCfg = Release|Any CPU
		{DD7C931A-8FAF-4318-BB74-71DC858CC400}.Profile|x86.Build.0 = Release|Any CPU
		{DD7C931A-8FAF-4318-BB74-71DC858CC400}.Release|Any CPU.ActiveCfg = Release|Any CPU
		{DD7C931A-8FAF-4318-BB74-71DC858CC400}.Release|Any CPU.Build.0 = Release|Any CPU
		{DD7C931A-8FAF-4318-BB74-71DC858CC400}.Release|ARM.ActiveCfg = Release|Any CPU
		{DD7C931A-8FAF-4318-BB74-71DC858CC400}.Release|ARM.Build.0 = Release|Any CPU
		{DD7C931A-8FAF-4318-BB74-71DC858CC400}.Release|Mixed Platforms.ActiveCfg = Release|Any CPU
		{DD7C931A-8FAF-4318-BB74-71DC858CC400}.Release|Mixed Platforms.Build.0 = Release|Any CPU
		{DD7C931A-8FAF-4318-BB74-71DC858CC400}.Release|Win32.ActiveCfg = Release|Any CPU
		{DD7C931A-8FAF-4318-BB74-71DC858CC400}.Release|Win32.Build.0 = Release|Any CPU
		{DD7C931A-8FAF-4318-BB74-71DC858CC400}.Release|x64.ActiveCfg = Release|x64
		{DD7C931A-8FAF-4318-BB74-71DC858CC400}.Release|x64.Build.0 = Release|x64
		{DD7C931A-8FAF-4318-BB74-71DC858CC400}.Release|x86.ActiveCfg = Release|Any CPU
		{DD7C931A-8FAF-4318-BB74-71DC858CC400}.Release|x86.Build.0 = Release|Any CPU
		{2F49C726-A1F8-40D4-859F-135594960DDC}.Debug|Any CPU.ActiveCfg = Debug|Any CPU
		{2F49C726-A1F8-40D4-859F-135594960DDC}.Debug|Any CPU.Build.0 = Debug|Any CPU
		{2F49C726-A1F8-40D4-859F-135594960DDC}.Debug|ARM.ActiveCfg = Debug|Any CPU
		{2F49C726-A1F8-40D4-859F-135594960DDC}.Debug|ARM.Build.0 = Debug|Any CPU
		{2F49C726-A1F8-40D4-859F-135594960DDC}.Debug|Mixed Platforms.ActiveCfg = Debug|Any CPU
		{2F49C726-A1F8-40D4-859F-135594960DDC}.Debug|Mixed Platforms.Build.0 = Debug|Any CPU
		{2F49C726-A1F8-40D4-859F-135594960DDC}.Debug|Win32.ActiveCfg = Debug|Any CPU
		{2F49C726-A1F8-40D4-859F-135594960DDC}.Debug|Win32.Build.0 = Debug|Any CPU
		{2F49C726-A1F8-40D4-859F-135594960DDC}.Debug|x64.ActiveCfg = Debug|x64
		{2F49C726-A1F8-40D4-859F-135594960DDC}.Debug|x64.Build.0 = Debug|x64
		{2F49C726-A1F8-40D4-859F-135594960DDC}.Debug|x86.ActiveCfg = Debug|Any CPU
		{2F49C726-A1F8-40D4-859F-135594960DDC}.Debug|x86.Build.0 = Debug|Any CPU
		{2F49C726-A1F8-40D4-859F-135594960DDC}.Profile|Any CPU.ActiveCfg = Release|Any CPU
		{2F49C726-A1F8-40D4-859F-135594960DDC}.Profile|Any CPU.Build.0 = Release|Any CPU
		{2F49C726-A1F8-40D4-859F-135594960DDC}.Profile|ARM.ActiveCfg = Release|Any CPU
		{2F49C726-A1F8-40D4-859F-135594960DDC}.Profile|ARM.Build.0 = Release|Any CPU
		{2F49C726-A1F8-40D4-859F-135594960DDC}.Profile|Mixed Platforms.ActiveCfg = Release|Any CPU
		{2F49C726-A1F8-40D4-859F-135594960DDC}.Profile|Mixed Platforms.Build.0 = Release|Any CPU
		{2F49C726-A1F8-40D4-859F-135594960DDC}.Profile|Win32.ActiveCfg = Release|Any CPU
		{2F49C726-A1F8-40D4-859F-135594960DDC}.Profile|Win32.Build.0 = Release|Any CPU
		{2F49C726-A1F8-40D4-859F-135594960DDC}.Profile|x64.ActiveCfg = Release|x64
		{2F49C726-A1F8-40D4-859F-135594960DDC}.Profile|x64.Build.0 = Release|x64
		{2F49C726-A1F8-40D4-859F-135594960DDC}.Profile|x86.ActiveCfg = Release|Any CPU
		{2F49C726-A1F8-40D4-859F-135594960DDC}.Profile|x86.Build.0 = Release|Any CPU
		{2F49C726-A1F8-40D4-859F-135594960DDC}.Release|Any CPU.ActiveCfg = Release|Any CPU
		{2F49C726-A1F8-40D4-859F-135594960DDC}.Release|Any CPU.Build.0 = Release|Any CPU
		{2F49C726-A1F8-40D4-859F-135594960DDC}.Release|ARM.ActiveCfg = Release|Any CPU
		{2F49C726-A1F8-40D4-859F-135594960DDC}.Release|ARM.Build.0 = Release|Any CPU
		{2F49C726-A1F8-40D4-859F-135594960DDC}.Release|Mixed Platforms.ActiveCfg = Release|Any CPU
		{2F49C726-A1F8-40D4-859F-135594960DDC}.Release|Mixed Platforms.Build.0 = Release|Any CPU
		{2F49C726-A1F8-40D4-859F-135594960DDC}.Release|Win32.ActiveCfg = Release|Any CPU
		{2F49C726-A1F8-40D4-859F-135594960DDC}.Release|Win32.Build.0 = Release|Any CPU
		{2F49C726-A1F8-40D4-859F-135594960DDC}.Release|x64.ActiveCfg = Release|x64
		{2F49C726-A1F8-40D4-859F-135594960DDC}.Release|x64.Build.0 = Release|x64
		{2F49C726-A1F8-40D4-859F-135594960DDC}.Release|x86.ActiveCfg = Release|Any CPU
		{2F49C726-A1F8-40D4-859F-135594960DDC}.Release|x86.Build.0 = Release|Any CPU
		{2F49C726-A1F8-40D4-859F-1355949612DC}.Debug|Any CPU.ActiveCfg = Debug|Any CPU
		{2F49C726-A1F8-40D4-859F-1355949612DC}.Debug|Any CPU.Build.0 = Debug|Any CPU
		{2F49C726-A1F8-40D4-859F-1355949612DC}.Debug|ARM.ActiveCfg = Debug|Any CPU
		{2F49C726-A1F8-40D4-859F-1355949612DC}.Debug|ARM.Build.0 = Debug|Any CPU
		{2F49C726-A1F8-40D4-859F-1355949612DC}.Debug|Mixed Platforms.ActiveCfg = Debug|Any CPU
		{2F49C726-A1F8-40D4-859F-1355949612DC}.Debug|Mixed Platforms.Build.0 = Debug|Any CPU
		{2F49C726-A1F8-40D4-859F-1355949612DC}.Debug|Win32.ActiveCfg = Debug|Any CPU
		{2F49C726-A1F8-40D4-859F-1355949612DC}.Debug|Win32.Build.0 = Debug|Any CPU
		{2F49C726-A1F8-40D4-859F-1355949612DC}.Debug|x64.ActiveCfg = Debug|x64
		{2F49C726-A1F8-40D4-859F-1355949612DC}.Debug|x64.Build.0 = Debug|x64
		{2F49C726-A1F8-40D4-859F-1355949612DC}.Debug|x86.ActiveCfg = Debug|Any CPU
		{2F49C726-A1F8-40D4-859F-1355949612DC}.Debug|x86.Build.0 = Debug|Any CPU
		{2F49C726-A1F8-40D4-859F-1355949612DC}.Profile|Any CPU.ActiveCfg = Release|Any CPU
		{2F49C726-A1F8-40D4-859F-1355949612DC}.Profile|Any CPU.Build.0 = Release|Any CPU
		{2F49C726-A1F8-40D4-859F-1355949612DC}.Profile|ARM.ActiveCfg = Release|Any CPU
		{2F49C726-A1F8-40D4-859F-1355949612DC}.Profile|ARM.Build.0 = Release|Any CPU
		{2F49C726-A1F8-40D4-859F-1355949612DC}.Profile|Mixed Platforms.ActiveCfg = Release|Any CPU
		{2F49C726-A1F8-40D4-859F-1355949612DC}.Profile|Mixed Platforms.Build.0 = Release|Any CPU
		{2F49C726-A1F8-40D4-859F-1355949612DC}.Profile|Win32.ActiveCfg = Release|Any CPU
		{2F49C726-A1F8-40D4-859F-1355949612DC}.Profile|Win32.Build.0 = Release|Any CPU
		{2F49C726-A1F8-40D4-859F-1355949612DC}.Profile|x64.ActiveCfg = Release|x64
		{2F49C726-A1F8-40D4-859F-1355949612DC}.Profile|x64.Build.0 = Release|x64
		{2F49C726-A1F8-40D4-859F-1355949612DC}.Profile|x86.ActiveCfg = Release|Any CPU
		{2F49C726-A1F8-40D4-859F-1355949612DC}.Profile|x86.Build.0 = Release|Any CPU
		{2F49C726-A1F8-40D4-859F-1355949612DC}.Release|Any CPU.ActiveCfg = Release|Any CPU
		{2F49C726-A1F8-40D4-859F-1355949612DC}.Release|Any CPU.Build.0 = Release|Any CPU
		{2F49C726-A1F8-40D4-859F-1355949612DC}.Release|ARM.ActiveCfg = Release|Any CPU
		{2F49C726-A1F8-40D4-859F-1355949612DC}.Release|ARM.Build.0 = Release|Any CPU
		{2F49C726-A1F8-40D4-859F-1355949612DC}.Release|Mixed Platforms.ActiveCfg = Release|Any CPU
		{2F49C726-A1F8-40D4-859F-1355949612DC}.Release|Mixed Platforms.Build.0 = Release|Any CPU
		{2F49C726-A1F8-40D4-859F-1355949612DC}.Release|Win32.ActiveCfg = Release|Any CPU
		{2F49C726-A1F8-40D4-859F-1355949612DC}.Release|Win32.Build.0 = Release|Any CPU
		{2F49C726-A1F8-40D4-859F-1355949612DC}.Release|x64.ActiveCfg = Release|x64
		{2F49C726-A1F8-40D4-859F-1355949612DC}.Release|x64.Build.0 = Release|x64
		{2F49C726-A1F8-40D4-859F-1355949612DC}.Release|x86.ActiveCfg = Release|Any CPU
		{2F49C726-A1F8-40D4-859F-1355949612DC}.Release|x86.Build.0 = Release|Any CPU
	EndGlobalSection
	GlobalSection(SolutionProperties) = preSolution
		HideSolutionNode = FALSE
	EndGlobalSection
	GlobalSection(NestedProjects) = preSolution
		{2F49C726-A1F8-40D4-859F-1355949608DC} = {2139CC27-1C89-49C8-95AC-7715ACBADC1F}
		{DD7C931A-8FAF-4318-BB74-71DC858CC400} = {2139CC27-1C89-49C8-95AC-7715ACBADC1F}
		{2F49C726-A1F8-40D4-859F-135594960DDC} = {2139CC27-1C89-49C8-95AC-7715ACBADC1F}
		{2F49C726-A1F8-40D4-859F-1355949612DC} = {2139CC27-1C89-49C8-95AC-7715ACBADC1F}
	EndGlobalSection
	GlobalSection(ExtensibilityGlobals) = postSolution
		SolutionGuid = {B1C70ED2-1F05-433C-A16C-59F6C5BC9A0F}
	EndGlobalSection
EndGlobal
